
Microsoft Visual Studio Solution File, Format Version 12.00
# Visual Studio Version 16
VisualStudioVersion = 16.0.32002.261
MinimumVisualStudioVersion = 10.0.40219.1
Project("{FAE04EC0-301F-11D3-BF4B-00C04F79EFBC}") = "mission2", "mission2\mission2.csproj", "{ACC358A1-400F-461C-AEF3-60EE4CE9C123}"
EndProject
Global
	GlobalSection(SolutionConfigurationPlatforms) = preSolution
		Debug|Any CPU = Debug|Any CPU
		Release|Any CPU = Release|Any CPU
	EndGlobalSection
	GlobalSection(ProjectConfigurationPlatforms) = postSolution
		{ACC358A1-400F-461C-AEF3-60EE4CE9C123}.Debug|Any CPU.ActiveCfg = Debug|Any CPU
		{ACC358A1-400F-461C-AEF3-60EE4CE9C123}.Debug|Any CPU.Build.0 = Debug|Any CPU
		{ACC358A1-400F-461C-AEF3-60EE4CE9C123}.Release|Any CPU.ActiveCfg = Release|Any CPU
		{ACC358A1-400F-461C-AEF3-60EE4CE9C123}.Release|Any CPU.Build.0 = Release|Any CPU
	EndGlobalSection
	GlobalSection(SolutionProperties) = preSolution
		HideSolutionNode = FALSE
	EndGlobalSection
	GlobalSection(ExtensibilityGlobals) = postSolution
		SolutionGuid = {1A919399-B94F-4DA4-843C-09A6DD77CB57}
	EndGlobalSection
EndGlobal
